
Microsoft Visual Studio Solution File, Format Version 12.00
# Visual Studio Version 17
VisualStudioVersion = 17.1.32414.318
MinimumVisualStudioVersion = 10.0.40219.1
Project("{9A19103F-16F7-4668-BE54-9A1E7A4F7556}") = "WebApplication1", "WebApplication1\WebApplication1.csproj", "{DD9B2E0D-21CC-4816-823E-E3A0CA713284}"
EndProject
Project("{FAE04EC0-301F-11D3-BF4B-00C04F79EFBC}") = "WebApplication1.Tests", "WebApplication1.Tests\WebApplication1.Tests.csproj", "{6BAF4E3A-ACA2-4D04-A2E7-036E0169053B}"
EndProject
Global
	GlobalSection(SolutionConfigurationPlatforms) = preSolution
		Debug|Any CPU = Debug|Any CPU
		Release|Any CPU = Release|Any CPU
	EndGlobalSection
	GlobalSection(ProjectConfigurationPlatforms) = postSolution
		{DD9B2E0D-21CC-4816-823E-E3A0CA713284}.Debug|Any CPU.ActiveCfg = Debug|Any CPU
		{DD9B2E0D-21CC-4816-823E-E3A0CA713284}.Debug|Any CPU.Build.0 = Debug|Any CPU
		{DD9B2E0D-21CC-4816-823E-E3A0CA713284}.Release|Any CPU.ActiveCfg = Release|Any CPU
		{DD9B2E0D-21CC-4816-823E-E3A0CA713284}.Release|Any CPU.Build.0 = Release|Any CPU
		{6BAF4E3A-ACA2-4D04-A2E7-036E0169053B}.Debug|Any CPU.ActiveCfg = Debug|Any CPU
		{6BAF4E3A-ACA2-4D04-A2E7-036E0169053B}.Debug|Any CPU.Build.0 = Debug|Any CPU
		{6BAF4E3A-ACA2-4D04-A2E7-036E0169053B}.Release|Any CPU.ActiveCfg = Release|Any CPU
		{6BAF4E3A-ACA2-4D04-A2E7-036E0169053B}.Release|Any CPU.Build.0 = Release|Any CPU
	EndGlobalSection
	GlobalSection(SolutionProperties) = preSolution
		HideSolutionNode = FALSE
	EndGlobalSection
	GlobalSection(ExtensibilityGlobals) = postSolution
		SolutionGuid = {7F274847-BF3C-448C-BC74-66CA4602B9CF}
	EndGlobalSection
EndGlobal
